// !$*UTF8*$!
{
	archiveVersion = 1;
	classes = {
	};
	objectVersion = 55;
	objects = {

/* Begin PBXBuildFile section */
		95AE22A728D4BB2000EF1B72 /* AppDelegate.swift in Sources */ = {isa = PBXBuildFile; fileRef = 95AE22A628D4BB2000EF1B72 /* AppDelegate.swift */; };
		95AE22A928D4BB2000EF1B72 /* SceneDelegate.swift in Sources */ = {isa = PBXBuildFile; fileRef = 95AE22A828D4BB2000EF1B72 /* SceneDelegate.swift */; };
		95AE22AB28D4BB2000EF1B72 /* HomeViewController.swift in Sources */ = {isa = PBXBuildFile; fileRef = 95AE22AA28D4BB2000EF1B72 /* HomeViewController.swift */; };
		95AE22AE28D4BB2000EF1B72 /* Main.storyboard in Resources */ = {isa = PBXBuildFile; fileRef = 95AE22AC28D4BB2000EF1B72 /* Main.storyboard */; };
		95AE22B028D4BB2300EF1B72 /* Assets.xcassets in Resources */ = {isa = PBXBuildFile; fileRef = 95AE22AF28D4BB2300EF1B72 /* Assets.xcassets */; };
		95AE22B328D4BB2300EF1B72 /* LaunchScreen.storyboard in Resources */ = {isa = PBXBuildFile; fileRef = 95AE22B128D4BB2300EF1B72 /* LaunchScreen.storyboard */; };
		95AE22BE28D4BB2300EF1B72 /* ZeldaItemsTests.swift in Sources */ = {isa = PBXBuildFile; fileRef = 95AE22BD28D4BB2300EF1B72 /* ZeldaItemsTests.swift */; };
		95AE22C828D4BB2300EF1B72 /* ZeldaItemsUITests.swift in Sources */ = {isa = PBXBuildFile; fileRef = 95AE22C728D4BB2300EF1B72 /* ZeldaItemsUITests.swift */; };
		95AE22CA28D4BB2300EF1B72 /* ZeldaItemsUITestsLaunchTests.swift in Sources */ = {isa = PBXBuildFile; fileRef = 95AE22C928D4BB2300EF1B72 /* ZeldaItemsUITestsLaunchTests.swift */; };
		95AE22D728D4BBB600EF1B72 /* APIService.swift in Sources */ = {isa = PBXBuildFile; fileRef = 95AE22D628D4BBB600EF1B72 /* APIService.swift */; };
		95AE22DD28D4C9F100EF1B72 /* Animations.swift in Sources */ = {isa = PBXBuildFile; fileRef = 95AE22DC28D4C9F100EF1B72 /* Animations.swift */; };
		95AE22E028D4CBA100EF1B72 /* ViewModel.swift in Sources */ = {isa = PBXBuildFile; fileRef = 95AE22DF28D4CBA100EF1B72 /* ViewModel.swift */; };
		95AE22E228D4CDFF00EF1B72 /* CategoryItem.swift in Sources */ = {isa = PBXBuildFile; fileRef = 95AE22E128D4CDFF00EF1B72 /* CategoryItem.swift */; };
		95AE22E428D4FC1000EF1B72 /* CategoryItemViewController.swift in Sources */ = {isa = PBXBuildFile; fileRef = 95AE22E328D4FC1000EF1B72 /* CategoryItemViewController.swift */; };
		95DE1D8D28DE0C160029B8AB /* DetailItemViewController.swift in Sources */ = {isa = PBXBuildFile; fileRef = 95DE1D8C28DE0C160029B8AB /* DetailItemViewController.swift */; };
		95DE1D9028DE32DE0029B8AB /* ImageDownloader.swift in Sources */ = {isa = PBXBuildFile; fileRef = 95DE1D8F28DE32DE0029B8AB /* ImageDownloader.swift */; };
		95DE1D9328DE3C070029B8AB /* Category.swift in Sources */ = {isa = PBXBuildFile; fileRef = 95DE1D9228DE3C070029B8AB /* Category.swift */; };
		95EFA08428D524F700B83734 /* ItemCell.swift in Sources */ = {isa = PBXBuildFile; fileRef = 95EFA08228D524F700B83734 /* ItemCell.swift */; };
		95EFA08528D524F700B83734 /* ItemCell.xib in Resources */ = {isa = PBXBuildFile; fileRef = 95EFA08328D524F700B83734 /* ItemCell.xib */; };
/* End PBXBuildFile section */

/* Begin PBXContainerItemProxy section */
		95AE22BA28D4BB2300EF1B72 /* PBXContainerItemProxy */ = {
			isa = PBXContainerItemProxy;
			containerPortal = 95AE229B28D4BB2000EF1B72 /* Project object */;
			proxyType = 1;
			remoteGlobalIDString = 95AE22A228D4BB2000EF1B72;
			remoteInfo = ZeldaItems;
		};
		95AE22C428D4BB2300EF1B72 /* PBXContainerItemProxy */ = {
			isa = PBXContainerItemProxy;
			containerPortal = 95AE229B28D4BB2000EF1B72 /* Project object */;
			proxyType = 1;
			remoteGlobalIDString = 95AE22A228D4BB2000EF1B72;
			remoteInfo = ZeldaItems;
		};
/* End PBXContainerItemProxy section */

/* Begin PBXFileReference section */
		95AE22A328D4BB2000EF1B72 /* ZeldaItems.app */ = {isa = PBXFileReference; explicitFileType = wrapper.application; includeInIndex = 0; path = ZeldaItems.app; sourceTree = BUILT_PRODUCTS_DIR; };
		95AE22A628D4BB2000EF1B72 /* AppDelegate.swift */ = {isa = PBXFileReference; lastKnownFileType = sourcecode.swift; path = AppDelegate.swift; sourceTree = "<group>"; };
		95AE22A828D4BB2000EF1B72 /* SceneDelegate.swift */ = {isa = PBXFileReference; lastKnownFileType = sourcecode.swift; path = SceneDelegate.swift; sourceTree = "<group>"; };
		95AE22AA28D4BB2000EF1B72 /* HomeViewController.swift */ = {isa = PBXFileReference; lastKnownFileType = sourcecode.swift; path = HomeViewController.swift; sourceTree = "<group>"; };
		95AE22AD28D4BB2000EF1B72 /* Base */ = {isa = PBXFileReference; lastKnownFileType = file.storyboard; name = Base; path = Base.lproj/Main.storyboard; sourceTree = "<group>"; };
		95AE22AF28D4BB2300EF1B72 /* Assets.xcassets */ = {isa = PBXFileReference; lastKnownFileType = folder.assetcatalog; path = Assets.xcassets; sourceTree = "<group>"; };
		95AE22B228D4BB2300EF1B72 /* Base */ = {isa = PBXFileReference; lastKnownFileType = file.storyboard; name = Base; path = Base.lproj/LaunchScreen.storyboard; sourceTree = "<group>"; };
		95AE22B428D4BB2300EF1B72 /* Info.plist */ = {isa = PBXFileReference; lastKnownFileType = text.plist.xml; path = Info.plist; sourceTree = "<group>"; };
		95AE22B928D4BB2300EF1B72 /* ZeldaItemsTests.xctest */ = {isa = PBXFileReference; explicitFileType = wrapper.cfbundle; includeInIndex = 0; path = ZeldaItemsTests.xctest; sourceTree = BUILT_PRODUCTS_DIR; };
		95AE22BD28D4BB2300EF1B72 /* ZeldaItemsTests.swift */ = {isa = PBXFileReference; lastKnownFileType = sourcecode.swift; path = ZeldaItemsTests.swift; sourceTree = "<group>"; };
		95AE22C328D4BB2300EF1B72 /* ZeldaItemsUITests.xctest */ = {isa = PBXFileReference; explicitFileType = wrapper.cfbundle; includeInIndex = 0; path = ZeldaItemsUITests.xctest; sourceTree = BUILT_PRODUCTS_DIR; };
		95AE22C728D4BB2300EF1B72 /* ZeldaItemsUITests.swift */ = {isa = PBXFileReference; lastKnownFileType = sourcecode.swift; path = ZeldaItemsUITests.swift; sourceTree = "<group>"; };
		95AE22C928D4BB2300EF1B72 /* ZeldaItemsUITestsLaunchTests.swift */ = {isa = PBXFileReference; lastKnownFileType = sourcecode.swift; path = ZeldaItemsUITestsLaunchTests.swift; sourceTree = "<group>"; };
		95AE22D628D4BBB600EF1B72 /* APIService.swift */ = {isa = PBXFileReference; lastKnownFileType = sourcecode.swift; path = APIService.swift; sourceTree = "<group>"; };
		95AE22DC28D4C9F100EF1B72 /* Animations.swift */ = {isa = PBXFileReference; lastKnownFileType = sourcecode.swift; path = Animations.swift; sourceTree = "<group>"; };
		95AE22DF28D4CBA100EF1B72 /* ViewModel.swift */ = {isa = PBXFileReference; lastKnownFileType = sourcecode.swift; path = ViewModel.swift; sourceTree = "<group>"; };
		95AE22E128D4CDFF00EF1B72 /* CategoryItem.swift */ = {isa = PBXFileReference; lastKnownFileType = sourcecode.swift; path = CategoryItem.swift; sourceTree = "<group>"; };
		95AE22E328D4FC1000EF1B72 /* CategoryItemViewController.swift */ = {isa = PBXFileReference; lastKnownFileType = sourcecode.swift; path = CategoryItemViewController.swift; sourceTree = "<group>"; };
		95DE1D8C28DE0C160029B8AB /* DetailItemViewController.swift */ = {isa = PBXFileReference; lastKnownFileType = sourcecode.swift; path = DetailItemViewController.swift; sourceTree = "<group>"; };
		95DE1D8F28DE32DE0029B8AB /* ImageDownloader.swift */ = {isa = PBXFileReference; lastKnownFileType = sourcecode.swift; path = ImageDownloader.swift; sourceTree = "<group>"; };
		95DE1D9228DE3C070029B8AB /* Category.swift */ = {isa = PBXFileReference; lastKnownFileType = sourcecode.swift; path = Category.swift; sourceTree = "<group>"; };
		95EFA08228D524F700B83734 /* ItemCell.swift */ = {isa = PBXFileReference; lastKnownFileType = sourcecode.swift; path = ItemCell.swift; sourceTree = "<group>"; };
		95EFA08328D524F700B83734 /* ItemCell.xib */ = {isa = PBXFileReference; lastKnownFileType = file.xib; path = ItemCell.xib; sourceTree = "<group>"; };
/* End PBXFileReference section */

/* Begin PBXFrameworksBuildPhase section */
		95AE22A028D4BB2000EF1B72 /* Frameworks */ = {
			isa = PBXFrameworksBuildPhase;
			buildActionMask = 2147483647;
			files = (
			);
			runOnlyForDeploymentPostprocessing = 0;
		};
		95AE22B628D4BB2300EF1B72 /* Frameworks */ = {
			isa = PBXFrameworksBuildPhase;
			buildActionMask = 2147483647;
			files = (
			);
			runOnlyForDeploymentPostprocessing = 0;
		};
		95AE22C028D4BB2300EF1B72 /* Frameworks */ = {
			isa = PBXFrameworksBuildPhase;
			buildActionMask = 2147483647;
			files = (
			);
			runOnlyForDeploymentPostprocessing = 0;
		};
/* End PBXFrameworksBuildPhase section */

/* Begin PBXGroup section */
		95AE229A28D4BB2000EF1B72 = {
			isa = PBXGroup;
			children = (
				95AE22A528D4BB2000EF1B72 /* ZeldaItems */,
				95AE22BC28D4BB2300EF1B72 /* ZeldaItemsTests */,
				95AE22C628D4BB2300EF1B72 /* ZeldaItemsUITests */,
				95AE22A428D4BB2000EF1B72 /* Products */,
			);
			sourceTree = "<group>";
		};
		95AE22A428D4BB2000EF1B72 /* Products */ = {
			isa = PBXGroup;
			children = (
				95AE22A328D4BB2000EF1B72 /* ZeldaItems.app */,
				95AE22B928D4BB2300EF1B72 /* ZeldaItemsTests.xctest */,
				95AE22C328D4BB2300EF1B72 /* ZeldaItemsUITests.xctest */,
			);
			name = Products;
			sourceTree = "<group>";
		};
		95AE22A528D4BB2000EF1B72 /* ZeldaItems */ = {
			isa = PBXGroup;
			children = (
				95AE22A628D4BB2000EF1B72 /* AppDelegate.swift */,
				95AE22A828D4BB2000EF1B72 /* SceneDelegate.swift */,
				95AE22AF28D4BB2300EF1B72 /* Assets.xcassets */,
				95AE22B428D4BB2300EF1B72 /* Info.plist */,
				95AE22DB28D4C9E200EF1B72 /* Common */,
				95AE22D828D4BBD800EF1B72 /* Models */,
				95AE22DE28D4CB3F00EF1B72 /* Services */,
				95AE22DA28D4C14000EF1B72 /* Storyboards */,
				95AE22D928D4C10C00EF1B72 /* ViewControllers */,
				95DE1D9428DE3C2A0029B8AB /* ViewModel */,
				95AE22E628D4FCAF00EF1B72 /* Views */,
			);
			path = ZeldaItems;
			sourceTree = "<group>";
		};
		95AE22BC28D4BB2300EF1B72 /* ZeldaItemsTests */ = {
			isa = PBXGroup;
			children = (
				95AE22BD28D4BB2300EF1B72 /* ZeldaItemsTests.swift */,
			);
			path = ZeldaItemsTests;
			sourceTree = "<group>";
		};
		95AE22C628D4BB2300EF1B72 /* ZeldaItemsUITests */ = {
			isa = PBXGroup;
			children = (
				95AE22C728D4BB2300EF1B72 /* ZeldaItemsUITests.swift */,
				95AE22C928D4BB2300EF1B72 /* ZeldaItemsUITestsLaunchTests.swift */,
			);
			path = ZeldaItemsUITests;
			sourceTree = "<group>";
		};
		95AE22D828D4BBD800EF1B72 /* Models */ = {
			isa = PBXGroup;
			children = (
				95AE22E128D4CDFF00EF1B72 /* CategoryItem.swift */,
				95DE1D9228DE3C070029B8AB /* Category.swift */,
			);
			path = Models;
			sourceTree = "<group>";
		};
		95AE22D928D4C10C00EF1B72 /* ViewControllers */ = {
			isa = PBXGroup;
			children = (
				95AE22AA28D4BB2000EF1B72 /* HomeViewController.swift */,
				95AE22E328D4FC1000EF1B72 /* CategoryItemViewController.swift */,
				95DE1D8C28DE0C160029B8AB /* DetailItemViewController.swift */,
			);
			path = ViewControllers;
			sourceTree = "<group>";
		};
		95AE22DA28D4C14000EF1B72 /* Storyboards */ = {
			isa = PBXGroup;
			children = (
				95AE22AC28D4BB2000EF1B72 /* Main.storyboard */,
				95AE22B128D4BB2300EF1B72 /* LaunchScreen.storyboard */,
			);
			path = Storyboards;
			sourceTree = "<group>";
		};
		95AE22DB28D4C9E200EF1B72 /* Common */ = {
			isa = PBXGroup;
			children = (
				95AE22DC28D4C9F100EF1B72 /* Animations.swift */,
				95DE1D8F28DE32DE0029B8AB /* ImageDownloader.swift */,
			);
			path = Common;
			sourceTree = "<group>";
		};
		95AE22DE28D4CB3F00EF1B72 /* Services */ = {
			isa = PBXGroup;
			children = (
				95AE22D628D4BBB600EF1B72 /* APIService.swift */,
			);
			path = Services;
			sourceTree = "<group>";
		};
		95AE22E628D4FCAF00EF1B72 /* Views */ = {
			isa = PBXGroup;
			children = (
				95EFA08228D524F700B83734 /* ItemCell.swift */,
				95EFA08328D524F700B83734 /* ItemCell.xib */,
			);
			path = Views;
			sourceTree = "<group>";
		};
		95DE1D9428DE3C2A0029B8AB /* ViewModel */ = {
			isa = PBXGroup;
			children = (
				95AE22DF28D4CBA100EF1B72 /* ViewModel.swift */,
			);
			path = ViewModel;
			sourceTree = "<group>";
		};
/* End PBXGroup section */

/* Begin PBXNativeTarget section */
		95AE22A228D4BB2000EF1B72 /* ZeldaItems */ = {
			isa = PBXNativeTarget;
			buildConfigurationList = 95AE22CD28D4BB2300EF1B72 /* Build configuration list for PBXNativeTarget "ZeldaItems" */;
			buildPhases = (
				95AE229F28D4BB2000EF1B72 /* Sources */,
				95AE22A028D4BB2000EF1B72 /* Frameworks */,
				95AE22A128D4BB2000EF1B72 /* Resources */,
			);
			buildRules = (
			);
			dependencies = (
			);
			name = ZeldaItems;
			productName = ZeldaItems;
			productReference = 95AE22A328D4BB2000EF1B72 /* ZeldaItems.app */;
			productType = "com.apple.product-type.application";
		};
		95AE22B828D4BB2300EF1B72 /* ZeldaItemsTests */ = {
			isa = PBXNativeTarget;
			buildConfigurationList = 95AE22D028D4BB2300EF1B72 /* Build configuration list for PBXNativeTarget "ZeldaItemsTests" */;
			buildPhases = (
				95AE22B528D4BB2300EF1B72 /* Sources */,
				95AE22B628D4BB2300EF1B72 /* Frameworks */,
				95AE22B728D4BB2300EF1B72 /* Resources */,
			);
			buildRules = (
			);
			dependencies = (
				95AE22BB28D4BB2300EF1B72 /* PBXTargetDependency */,
			);
			name = ZeldaItemsTests;
			productName = ZeldaItemsTests;
			productReference = 95AE22B928D4BB2300EF1B72 /* ZeldaItemsTests.xctest */;
			productType = "com.apple.product-type.bundle.unit-test";
		};
		95AE22C228D4BB2300EF1B72 /* ZeldaItemsUITests */ = {
			isa = PBXNativeTarget;
			buildConfigurationList = 95AE22D328D4BB2300EF1B72 /* Build configuration list for PBXNativeTarget "ZeldaItemsUITests" */;
			buildPhases = (
				95AE22BF28D4BB2300EF1B72 /* Sources */,
				95AE22C028D4BB2300EF1B72 /* Frameworks */,
				95AE22C128D4BB2300EF1B72 /* Resources */,
			);
			buildRules = (
			);
			dependencies = (
				95AE22C528D4BB2300EF1B72 /* PBXTargetDependency */,
			);
			name = ZeldaItemsUITests;
			productName = ZeldaItemsUITests;
			productReference = 95AE22C328D4BB2300EF1B72 /* ZeldaItemsUITests.xctest */;
			productType = "com.apple.product-type.bundle.ui-testing";
		};
/* End PBXNativeTarget section */

/* Begin PBXProject section */
		95AE229B28D4BB2000EF1B72 /* Project object */ = {
			isa = PBXProject;
			attributes = {
				BuildIndependentTargetsInParallel = 1;
				LastSwiftUpdateCheck = 1400;
				LastUpgradeCheck = 1400;
				TargetAttributes = {
					95AE22A228D4BB2000EF1B72 = {
						CreatedOnToolsVersion = 14.0;
					};
					95AE22B828D4BB2300EF1B72 = {
						CreatedOnToolsVersion = 14.0;
						TestTargetID = 95AE22A228D4BB2000EF1B72;
					};
					95AE22C228D4BB2300EF1B72 = {
						CreatedOnToolsVersion = 14.0;
						TestTargetID = 95AE22A228D4BB2000EF1B72;
					};
				};
			};
			buildConfigurationList = 95AE229E28D4BB2000EF1B72 /* Build configuration list for PBXProject "ZeldaItems" */;
			compatibilityVersion = "Xcode 13.0";
			developmentRegion = en;
			hasScannedForEncodings = 0;
			knownRegions = (
				en,
				Base,
			);
			mainGroup = 95AE229A28D4BB2000EF1B72;
			productRefGroup = 95AE22A428D4BB2000EF1B72 /* Products */;
			projectDirPath = "";
			projectRoot = "";
			targets = (
				95AE22A228D4BB2000EF1B72 /* ZeldaItems */,
				95AE22B828D4BB2300EF1B72 /* ZeldaItemsTests */,
				95AE22C228D4BB2300EF1B72 /* ZeldaItemsUITests */,
			);
		};
/* End PBXProject section */

/* Begin PBXResourcesBuildPhase section */
		95AE22A128D4BB2000EF1B72 /* Resources */ = {
			isa = PBXResourcesBuildPhase;
			buildActionMask = 2147483647;
			files = (
				95EFA08528D524F700B83734 /* ItemCell.xib in Resources */,
				95AE22B328D4BB2300EF1B72 /* LaunchScreen.storyboard in Resources */,
				95AE22B028D4BB2300EF1B72 /* Assets.xcassets in Resources */,
				95AE22AE28D4BB2000EF1B72 /* Main.storyboard in Resources */,
			);
			runOnlyForDeploymentPostprocessing = 0;
		};
		95AE22B728D4BB2300EF1B72 /* Resources */ = {
			isa = PBXResourcesBuildPhase;
			buildActionMask = 2147483647;
			files = (
			);
			runOnlyForDeploymentPostprocessing = 0;
		};
		95AE22C128D4BB2300EF1B72 /* Resources */ = {
			isa = PBXResourcesBuildPhase;
			buildActionMask = 2147483647;
			files = (
			);
			runOnlyForDeploymentPostprocessing = 0;
		};
/* End PBXResourcesBuildPhase section */

/* Begin PBXSourcesBuildPhase section */
		95AE229F28D4BB2000EF1B72 /* Sources */ = {
			isa = PBXSourcesBuildPhase;
			buildActionMask = 2147483647;
			files = (
				95AE22AB28D4BB2000EF1B72 /* HomeViewController.swift in Sources */,
				95AE22DD28D4C9F100EF1B72 /* Animations.swift in Sources */,
				95EFA08428D524F700B83734 /* ItemCell.swift in Sources */,
				95AE22A728D4BB2000EF1B72 /* AppDelegate.swift in Sources */,
				95DE1D8D28DE0C160029B8AB /* DetailItemViewController.swift in Sources */,
				95AE22E228D4CDFF00EF1B72 /* CategoryItem.swift in Sources */,
				95DE1D9028DE32DE0029B8AB /* ImageDownloader.swift in Sources */,
				95AE22D728D4BBB600EF1B72 /* APIService.swift in Sources */,
				95AE22E028D4CBA100EF1B72 /* ViewModel.swift in Sources */,
				95AE22E428D4FC1000EF1B72 /* CategoryItemViewController.swift in Sources */,
				95AE22A928D4BB2000EF1B72 /* SceneDelegate.swift in Sources */,
				95DE1D9328DE3C070029B8AB /* Category.swift in Sources */,
			);
			runOnlyForDeploymentPostprocessing = 0;
		};
		95AE22B528D4BB2300EF1B72 /* Sources */ = {
			isa = PBXSourcesBuildPhase;
			buildActionMask = 2147483647;
			files = (
				95AE22BE28D4BB2300EF1B72 /* ZeldaItemsTests.swift in Sources */,
			);
			runOnlyForDeploymentPostprocessing = 0;
		};
		95AE22BF28D4BB2300EF1B72 /* Sources */ = {
			isa = PBXSourcesBuildPhase;
			buildActionMask = 2147483647;
			files = (
				95AE22CA28D4BB2300EF1B72 /* ZeldaItemsUITestsLaunchTests.swift in Sources */,
				95AE22C828D4BB2300EF1B72 /* ZeldaItemsUITests.swift in Sources */,
			);
			runOnlyForDeploymentPostprocessing = 0;
		};
/* End PBXSourcesBuildPhase section */

/* Begin PBXTargetDependency section */
		95AE22BB28D4BB2300EF1B72 /* PBXTargetDependency */ = {
			isa = PBXTargetDependency;
			target = 95AE22A228D4BB2000EF1B72 /* ZeldaItems */;
			targetProxy = 95AE22BA28D4BB2300EF1B72 /* PBXContainerItemProxy */;
		};
		95AE22C528D4BB2300EF1B72 /* PBXTargetDependency */ = {
			isa = PBXTargetDependency;
			target = 95AE22A228D4BB2000EF1B72 /* ZeldaItems */;
			targetProxy = 95AE22C428D4BB2300EF1B72 /* PBXContainerItemProxy */;
		};
/* End PBXTargetDependency section */

/* Begin PBXVariantGroup section */
		95AE22AC28D4BB2000EF1B72 /* Main.storyboard */ = {
			isa = PBXVariantGroup;
			children = (
				95AE22AD28D4BB2000EF1B72 /* Base */,
			);
			name = Main.storyboard;
			sourceTree = "<group>";
		};
		95AE22B128D4BB2300EF1B72 /* LaunchScreen.storyboard */ = {
			isa = PBXVariantGroup;
			children = (
				95AE22B228D4BB2300EF1B72 /* Base */,
			);
			name = LaunchScreen.storyboard;
			sourceTree = "<group>";
		};
/* End PBXVariantGroup section */

/* Begin XCBuildConfiguration section */
		95AE22CB28D4BB2300EF1B72 /* Debug */ = {
			isa = XCBuildConfiguration;
			buildSettings = {
				ALWAYS_SEARCH_USER_PATHS = NO;
				CLANG_ANALYZER_NONNULL = YES;
				CLANG_ANALYZER_NUMBER_OBJECT_CONVERSION = YES_AGGRESSIVE;
				CLANG_CXX_LANGUAGE_STANDARD = "gnu++20";
				CLANG_ENABLE_MODULES = YES;
				CLANG_ENABLE_OBJC_ARC = YES;
				CLANG_ENABLE_OBJC_WEAK = YES;
				CLANG_WARN_BLOCK_CAPTURE_AUTORELEASING = YES;
				CLANG_WARN_BOOL_CONVERSION = YES;
				CLANG_WARN_COMMA = YES;
				CLANG_WARN_CONSTANT_CONVERSION = YES;
				CLANG_WARN_DEPRECATED_OBJC_IMPLEMENTATIONS = YES;
				CLANG_WARN_DIRECT_OBJC_ISA_USAGE = YES_ERROR;
				CLANG_WARN_DOCUMENTATION_COMMENTS = YES;
				CLANG_WARN_EMPTY_BODY = YES;
				CLANG_WARN_ENUM_CONVERSION = YES;
				CLANG_WARN_INFINITE_RECURSION = YES;
				CLANG_WARN_INT_CONVERSION = YES;
				CLANG_WARN_NON_LITERAL_NULL_CONVERSION = YES;
				CLANG_WARN_OBJC_IMPLICIT_RETAIN_SELF = YES;
				CLANG_WARN_OBJC_LITERAL_CONVERSION = YES;
				CLANG_WARN_OBJC_ROOT_CLASS = YES_ERROR;
				CLANG_WARN_QUOTED_INCLUDE_IN_FRAMEWORK_HEADER = YES;
				CLANG_WARN_RANGE_LOOP_ANALYSIS = YES;
				CLANG_WARN_STRICT_PROTOTYPES = YES;
				CLANG_WARN_SUSPICIOUS_MOVE = YES;
				CLANG_WARN_UNGUARDED_AVAILABILITY = YES_AGGRESSIVE;
				CLANG_WARN_UNREACHABLE_CODE = YES;
				CLANG_WARN__DUPLICATE_METHOD_MATCH = YES;
				COPY_PHASE_STRIP = NO;
				DEBUG_INFORMATION_FORMAT = dwarf;
				ENABLE_STRICT_OBJC_MSGSEND = YES;
				ENABLE_TESTABILITY = YES;
				GCC_C_LANGUAGE_STANDARD = gnu11;
				GCC_DYNAMIC_NO_PIC = NO;
				GCC_NO_COMMON_BLOCKS = YES;
				GCC_OPTIMIZATION_LEVEL = 0;
				GCC_PREPROCESSOR_DEFINITIONS = (
					"DEBUG=1",
					"$(inherited)",
				);
				GCC_WARN_64_TO_32_BIT_CONVERSION = YES;
				GCC_WARN_ABOUT_RETURN_TYPE = YES_ERROR;
				GCC_WARN_UNDECLARED_SELECTOR = YES;
				GCC_WARN_UNINITIALIZED_AUTOS = YES_AGGRESSIVE;
				GCC_WARN_UNUSED_FUNCTION = YES;
				GCC_WARN_UNUSED_VARIABLE = YES;
				IPHONEOS_DEPLOYMENT_TARGET = 16.0;
				MTL_ENABLE_DEBUG_INFO = INCLUDE_SOURCE;
				MTL_FAST_MATH = YES;
				ONLY_ACTIVE_ARCH = YES;
				SDKROOT = iphoneos;
				SWIFT_ACTIVE_COMPILATION_CONDITIONS = DEBUG;
				SWIFT_OPTIMIZATION_LEVEL = "-Onone";
			};
			name = Debug;
		};
		95AE22CC28D4BB2300EF1B72 /* Release */ = {
			isa = XCBuildConfiguration;
			buildSettings = {
				ALWAYS_SEARCH_USER_PATHS = NO;
				CLANG_ANALYZER_NONNULL = YES;
				CLANG_ANALYZER_NUMBER_OBJECT_CONVERSION = YES_AGGRESSIVE;
				CLANG_CXX_LANGUAGE_STANDARD = "gnu++20";
				CLANG_ENABLE_MODULES = YES;
				CLANG_ENABLE_OBJC_ARC = YES;
				CLANG_ENABLE_OBJC_WEAK = YES;
				CLANG_WARN_BLOCK_CAPTURE_AUTORELEASING = YES;
				CLANG_WARN_BOOL_CONVERSION = YES;
				CLANG_WARN_COMMA = YES;
				CLANG_WARN_CONSTANT_CONVERSION = YES;
				CLANG_WARN_DEPRECATED_OBJC_IMPLEMENTATIONS = YES;
				CLANG_WARN_DIRECT_OBJC_ISA_USAGE = YES_ERROR;
				CLANG_WARN_DOCUMENTATION_COMMENTS = YES;
				CLANG_WARN_EMPTY_BODY = YES;
				CLANG_WARN_ENUM_CONVERSION = YES;
				CLANG_WARN_INFINITE_RECURSION = YES;
				CLANG_WARN_INT_CONVERSION = YES;
				CLANG_WARN_NON_LITERAL_NULL_CONVERSION = YES;
				CLANG_WARN_OBJC_IMPLICIT_RETAIN_SELF = YES;
				CLANG_WARN_OBJC_LITERAL_CONVERSION = YES;
				CLANG_WARN_OBJC_ROOT_CLASS = YES_ERROR;
				CLANG_WARN_QUOTED_INCLUDE_IN_FRAMEWORK_HEADER = YES;
				CLANG_WARN_RANGE_LOOP_ANALYSIS = YES;
				CLANG_WARN_STRICT_PROTOTYPES = YES;
				CLANG_WARN_SUSPICIOUS_MOVE = YES;
				CLANG_WARN_UNGUARDED_AVAILABILITY = YES_AGGRESSIVE;
				CLANG_WARN_UNREACHABLE_CODE = YES;
				CLANG_WARN__DUPLICATE_METHOD_MATCH = YES;
				COPY_PHASE_STRIP = NO;
				DEBUG_INFORMATION_FORMAT = "dwarf-with-dsym";
				ENABLE_NS_ASSERTIONS = NO;
				ENABLE_STRICT_OBJC_MSGSEND = YES;
				GCC_C_LANGUAGE_STANDARD = gnu11;
				GCC_NO_COMMON_BLOCKS = YES;
				GCC_WARN_64_TO_32_BIT_CONVERSION = YES;
				GCC_WARN_ABOUT_RETURN_TYPE = YES_ERROR;
				GCC_WARN_UNDECLARED_SELECTOR = YES;
				GCC_WARN_UNINITIALIZED_AUTOS = YES_AGGRESSIVE;
				GCC_WARN_UNUSED_FUNCTION = YES;
				GCC_WARN_UNUSED_VARIABLE = YES;
				IPHONEOS_DEPLOYMENT_TARGET = 16.0;
				MTL_ENABLE_DEBUG_INFO = NO;
				MTL_FAST_MATH = YES;
				SDKROOT = iphoneos;
				SWIFT_COMPILATION_MODE = wholemodule;
				SWIFT_OPTIMIZATION_LEVEL = "-O";
				VALIDATE_PRODUCT = YES;
			};
			name = Release;
		};
		95AE22CE28D4BB2300EF1B72 /* Debug */ = {
			isa = XCBuildConfiguration;
			buildSettings = {
				ASSETCATALOG_COMPILER_APPICON_NAME = AppIcon;
				ASSETCATALOG_COMPILER_GLOBAL_ACCENT_COLOR_NAME = AccentColor;
				CODE_SIGN_STYLE = Automatic;
				CURRENT_PROJECT_VERSION = 1;
				DEVELOPMENT_TEAM = FV84NP7NXG;
				GENERATE_INFOPLIST_FILE = YES;
				INFOPLIST_FILE = ZeldaItems/Info.plist;
				INFOPLIST_KEY_UIApplicationSupportsIndirectInputEvents = YES;
				INFOPLIST_KEY_UILaunchStoryboardName = LaunchScreen;
				INFOPLIST_KEY_UIMainStoryboardFile = Main;
				INFOPLIST_KEY_UISupportedInterfaceOrientations_iPad = "UIInterfaceOrientationPortrait UIInterfaceOrientationPortraitUpsideDown UIInterfaceOrientationLandscapeLeft UIInterfaceOrientationLandscapeRight";
				INFOPLIST_KEY_UISupportedInterfaceOrientations_iPhone = "UIInterfaceOrientationPortrait UIInterfaceOrientationLandscapeLeft UIInterfaceOrientationLandscapeRight";
				IPHONEOS_DEPLOYMENT_TARGET = 14.0;
				LD_RUNPATH_SEARCH_PATHS = (
					"$(inherited)",
					"@executable_path/Frameworks",
				);
				MARKETING_VERSION = 1.0;
				PRODUCT_BUNDLE_IDENTIFIER = jeannchuab.ZeldaItems;
				PRODUCT_NAME = "$(TARGET_NAME)";
				SWIFT_EMIT_LOC_STRINGS = YES;
				SWIFT_VERSION = 5.0;
				TARGETED_DEVICE_FAMILY = "1,2";
			};
			name = Debug;
		};
		95AE22CF28D4BB2300EF1B72 /* Release */ = {
			isa = XCBuildConfiguration;
			buildSettings = {
				ASSETCATALOG_COMPILER_APPICON_NAME = AppIcon;
				ASSETCATALOG_COMPILER_GLOBAL_ACCENT_COLOR_NAME = AccentColor;
				CODE_SIGN_STYLE = Automatic;
				CURRENT_PROJECT_VERSION = 1;
				DEVELOPMENT_TEAM = FV84NP7NXG;
				GENERATE_INFOPLIST_FILE = YES;
				INFOPLIST_FILE = ZeldaItems/Info.plist;
				INFOPLIST_KEY_UIApplicationSupportsIndirectInputEvents = YES;
				INFOPLIST_KEY_UILaunchStoryboardName = LaunchScreen;
				INFOPLIST_KEY_UIMainStoryboardFile = Main;
				INFOPLIST_KEY_UISupportedInterfaceOrientations_iPad = "UIInterfaceOrientationPortrait UIInterfaceOrientationPortraitUpsideDown UIInterfaceOrientationLandscapeLeft UIInterfaceOrientationLandscapeRight";
				INFOPLIST_KEY_UISupportedInterfaceOrientations_iPhone = "UIInterfaceOrientationPortrait UIInterfaceOrientationLandscapeLeft UIInterfaceOrientationLandscapeRight";
				IPHONEOS_DEPLOYMENT_TARGET = 14.0;
				LD_RUNPATH_SEARCH_PATHS = (
					"$(inherited)",
					"@executable_path/Frameworks",
				);
				MARKETING_VERSION = 1.0;
				PRODUCT_BUNDLE_IDENTIFIER = jeannchuab.ZeldaItems;
				PRODUCT_NAME = "$(TARGET_NAME)";
				SWIFT_EMIT_LOC_STRINGS = YES;
				SWIFT_VERSION = 5.0;
				TARGETED_DEVICE_FAMILY = "1,2";
			};
			name = Release;
		};
		95AE22D128D4BB2300EF1B72 /* Debug */ = {
			isa = XCBuildConfiguration;
			buildSettings = {
				ALWAYS_EMBED_SWIFT_STANDARD_LIBRARIES = YES;
				BUNDLE_LOADER = "$(TEST_HOST)";
				CODE_SIGN_STYLE = Automatic;
				CURRENT_PROJECT_VERSION = 1;
				DEVELOPMENT_TEAM = FV84NP7NXG;
				GENERATE_INFOPLIST_FILE = YES;
				IPHONEOS_DEPLOYMENT_TARGET = 16.0;
				MARKETING_VERSION = 1.0;
				PRODUCT_BUNDLE_IDENTIFIER = jeannchuab.ZeldaItemsTests;
				PRODUCT_NAME = "$(TARGET_NAME)";
				SWIFT_EMIT_LOC_STRINGS = NO;
				SWIFT_VERSION = 5.0;
				TARGETED_DEVICE_FAMILY = "1,2";
				TEST_HOST = "$(BUILT_PRODUCTS_DIR)/ZeldaItems.app/$(BUNDLE_EXECUTABLE_FOLDER_PATH)/ZeldaItems";
			};
			name = Debug;
		};
		95AE22D228D4BB2300EF1B72 /* Release */ = {
			isa = XCBuildConfiguration;
			buildSettings = {
				ALWAYS_EMBED_SWIFT_STANDARD_LIBRARIES = YES;
				BUNDLE_LOADER = "$(TEST_HOST)";
				CODE_SIGN_STYLE = Automatic;
				CURRENT_PROJECT_VERSION = 1;
				DEVELOPMENT_TEAM = FV84NP7NXG;
				GENERATE_INFOPLIST_FILE = YES;
				IPHONEOS_DEPLOYMENT_TARGET = 16.0;
				MARKETING_VERSION = 1.0;
				PRODUCT_BUNDLE_IDENTIFIER = jeannchuab.ZeldaItemsTests;
				PRODUCT_NAME = "$(TARGET_NAME)";
				SWIFT_EMIT_LOC_STRINGS = NO;
				SWIFT_VERSION = 5.0;
				TARGETED_DEVICE_FAMILY = "1,2";
				TEST_HOST = "$(BUILT_PRODUCTS_DIR)/ZeldaItems.app/$(BUNDLE_EXECUTABLE_FOLDER_PATH)/ZeldaItems";
			};
			name = Release;
		};
		95AE22D428D4BB2300EF1B72 /* Debug */ = {
			isa = XCBuildConfiguration;
			buildSettings = {
				ALWAYS_EMBED_SWIFT_STANDARD_LIBRARIES = YES;
				CODE_SIGN_STYLE = Automatic;
				CURRENT_PROJECT_VERSION = 1;
				DEVELOPMENT_TEAM = FV84NP7NXG;
				GENERATE_INFOPLIST_FILE = YES;
				MARKETING_VERSION = 1.0;
				PRODUCT_BUNDLE_IDENTIFIER = jeannchuab.ZeldaItemsUITests;
				PRODUCT_NAME = "$(TARGET_NAME)";
				SWIFT_EMIT_LOC_STRINGS = NO;
				SWIFT_VERSION = 5.0;
				TARGETED_DEVICE_FAMILY = "1,2";
				TEST_TARGET_NAME = ZeldaItems;
			};
			name = Debug;
		};
		95AE22D528D4BB2300EF1B72 /* Release */ = {
			isa = XCBuildConfiguration;
			buildSettings = {
				ALWAYS_EMBED_SWIFT_STANDARD_LIBRARIES = YES;
				CODE_SIGN_STYLE = Automatic;
				CURRENT_PROJECT_VERSION = 1;
				DEVELOPMENT_TEAM = FV84NP7NXG;
				GENERATE_INFOPLIST_FILE = YES;
				MARKETING_VERSION = 1.0;
				PRODUCT_BUNDLE_IDENTIFIER = jeannchuab.ZeldaItemsUITests;
				PRODUCT_NAME = "$(TARGET_NAME)";
				SWIFT_EMIT_LOC_STRINGS = NO;
				SWIFT_VERSION = 5.0;
				TARGETED_DEVICE_FAMILY = "1,2";
				TEST_TARGET_NAME = ZeldaItems;
			};
			name = Release;
		};
/* End XCBuildConfiguration section */

/* Begin XCConfigurationList section */
		95AE229E28D4BB2000EF1B72 /* Build configuration list for PBXProject "ZeldaItems" */ = {
			isa = XCConfigurationList;
			buildConfigurations = (
				95AE22CB28D4BB2300EF1B72 /* Debug */,
				95AE22CC28D4BB2300EF1B72 /* Release */,
			);
			defaultConfigurationIsVisible = 0;
			defaultConfigurationName = Release;
		};
		95AE22CD28D4BB2300EF1B72 /* Build configuration list for PBXNativeTarget "ZeldaItems" */ = {
			isa = XCConfigurationList;
			buildConfigurations = (
				95AE22CE28D4BB2300EF1B72 /* Debug */,
				95AE22CF28D4BB2300EF1B72 /* Release */,
			);
			defaultConfigurationIsVisible = 0;
			defaultConfigurationName = Release;
		};
		95AE22D028D4BB2300EF1B72 /* Build configuration list for PBXNativeTarget "ZeldaItemsTests" */ = {
			isa = XCConfigurationList;
			buildConfigurations = (
				95AE22D128D4BB2300EF1B72 /* Debug */,
				95AE22D228D4BB2300EF1B72 /* Release */,
			);
			defaultConfigurationIsVisible = 0;
			defaultConfigurationName = Release;
		};
		95AE22D328D4BB2300EF1B72 /* Build configuration list for PBXNativeTarget "ZeldaItemsUITests" */ = {
			isa = XCConfigurationList;
			buildConfigurations = (
				95AE22D428D4BB2300EF1B72 /* Debug */,
				95AE22D528D4BB2300EF1B72 /* Release */,
			);
			defaultConfigurationIsVisible = 0;
			defaultConfigurationName = Release;
		};
/* End XCConfigurationList section */
	};
	rootObject = 95AE229B28D4BB2000EF1B72 /* Project object */;
}
